
Microsoft Visual Studio Solution File, Format Version 12.00
# Visual Studio Version 17
VisualStudioVersion = 17.9.34616.47
MinimumVisualStudioVersion = 10.0.40219.1
Project("{FAE04EC0-301F-11D3-BF4B-00C04F79EFBC}") = "ConvertCSV", "ConvertCSV\ConvertCSV.csproj", "{099BE7FE-26E4-4ABB-B990-2DA27A1228AF}"
EndProject
Global
	GlobalSection(SolutionConfigurationPlatforms) = preSolution
		Debug|Any CPU = Debug|Any CPU
		Release|Any CPU = Release|Any CPU
	EndGlobalSection
	GlobalSection(ProjectConfigurationPlatforms) = postSolution
		{099BE7FE-26E4-4ABB-B990-2DA27A1228AF}.Debug|Any CPU.ActiveCfg = Debug|Any CPU
		{099BE7FE-26E4-4ABB-B990-2DA27A1228AF}.Debug|Any CPU.Build.0 = Debug|Any CPU
		{099BE7FE-26E4-4ABB-B990-2DA27A1228AF}.Release|Any CPU.ActiveCfg = Release|Any CPU
		{099BE7FE-26E4-4ABB-B990-2DA27A1228AF}.Release|Any CPU.Build.0 = Release|Any CPU
	EndGlobalSection
	GlobalSection(SolutionProperties) = preSolution
		HideSolutionNode = FALSE
	EndGlobalSection
	GlobalSection(ExtensibilityGlobals) = postSolution
		SolutionGuid = {F027EC75-3DA0-4ED5-BDDB-F6087FBD75B5}
	EndGlobalSection
EndGlobal
